
Microsoft Visual Studio Solution File, Format Version 12.00
# Visual Studio 15
VisualStudioVersion = 15.0.28307.902
MinimumVisualStudioVersion = 10.0.40219.1
Project("{FAE04EC0-301F-11D3-BF4B-00C04F79EFBC}") = "Git app", "Git app\Git app.csproj", "{69D7E5E0-E825-46A6-ADFE-52DE39589E3D}"
EndProject
Global
	GlobalSection(SolutionConfigurationPlatforms) = preSolution
		Debug|Any CPU = Debug|Any CPU
		Release|Any CPU = Release|Any CPU
	EndGlobalSection
	GlobalSection(ProjectConfigurationPlatforms) = postSolution
		{69D7E5E0-E825-46A6-ADFE-52DE39589E3D}.Debug|Any CPU.ActiveCfg = Debug|Any CPU
		{69D7E5E0-E825-46A6-ADFE-52DE39589E3D}.Debug|Any CPU.Build.0 = Debug|Any CPU
		{69D7E5E0-E825-46A6-ADFE-52DE39589E3D}.Release|Any CPU.ActiveCfg = Release|Any CPU
		{69D7E5E0-E825-46A6-ADFE-52DE39589E3D}.Release|Any CPU.Build.0 = Release|Any CPU
	EndGlobalSection
	GlobalSection(SolutionProperties) = preSolution
		HideSolutionNode = FALSE
	EndGlobalSection
	GlobalSection(ExtensibilityGlobals) = postSolution
		SolutionGuid = {96F1F4FE-2805-4A99-A14A-1D8C2BAA88B4}
	EndGlobalSection
EndGlobal
